{
  "name": "ayax-common-cache",
  "version": "3.0.3",
  "lockfileVersion": 1,
  "requires": true,
  "dependencies": {
    "ayax-common-helpers": {
      "version": "2.2.2",
      "resolved": "https://registry.npmjs.org/ayax-common-helpers/-/ayax-common-helpers-2.2.2.tgz",
      "integrity": "sha512-XXWZ9IAjRxAT2eETljYAKxmHPB07P3dpmJw8qdqpI18r5iVI+19x0/4AO6Wjymai3rFfLNbsd2oN7n1B5HjR5Q==",
      "requires": {
        "moment": "2.22.1"
      }
    },
    "ayax-common-operation": {
      "version": "1.0.7",
      "resolved": "https://registry.npmjs.org/ayax-common-operation/-/ayax-common-operation-1.0.7.tgz",
      "integrity": "sha512-LPygDzmde6VPKTC95g1oigSBm6GCm/4gp9Sr9sfUX45VqnRMboQ829DkWUpylcjbSk5u0gU2+1EB2TuL3K8Q1Q==",
      "requires": {
        "ayax-common-types": "3.0.1"
      }
    },
    "ayax-common-types": {
      "version": "3.0.1",
      "resolved": "https://registry.npmjs.org/ayax-common-types/-/ayax-common-types-3.0.1.tgz",
      "integrity": "sha512-aZrJivl8FvaZtMDKD1BP79c0iL7xxHsf3QTzuDTfiameXt1n5PDkI4w7PbEqPBwe1rkYWBSW7Q4ulrOBnEFNZw=="
    },
    "moment": {
      "version": "2.22.1",
      "resolved": "https://registry.npmjs.org/moment/-/moment-2.22.1.tgz",
      "integrity": "sha512-shJkRTSebXvsVqk56I+lkb2latjBs8I+pc2TzWc545y2iFnSjm7Wg0QMh+ZWcdSLQyGEau5jI8ocnmkyTgr9YQ=="
    },
    "typescript": {
      "version": "2.8.1",
      "resolved": "https://registry.npmjs.org/typescript/-/typescript-2.8.1.tgz",
      "integrity": "sha512-Ao/f6d/4EPLq0YwzsQz8iXflezpTkQzqAyenTiw4kCUGr1uPiFLC3+fZ+gMZz6eeI/qdRUqvC+HxIJzUAzEFdg==",
      "dev": true
    }
  }
}
