{
  "name": "ayax-common-cache",
  "version": "2.0.1",
  "lockfileVersion": 1,
  "requires": true,
  "dependencies": {
    "ayax-common-helpers": {
      "version": "2.2.1",
      "resolved": "https://registry.npmjs.org/ayax-common-helpers/-/ayax-common-helpers-2.2.1.tgz",
      "integrity": "sha512-1i1ew+/iQ1ATZPlzHvLR1TRIUqqh+IbmdzZ91VztfIZ2Mx6QhLt2vWvgzC9U8Q7bCCDOqAcXNbTOeN+O6dSeWg==",
      "requires": {
        "moment": "2.22.1"
      }
    },
    "ayax-common-services": {
      "version": "2.0.0",
      "resolved": "https://registry.npmjs.org/ayax-common-services/-/ayax-common-services-2.0.0.tgz",
      "integrity": "sha512-Dq2KFl1+0IApDQTvapSLE/MVIaekNEfqxqoP6xjXMTtTk2fkFPfCSp0tzaN6+chY73sYvMynD8hUikLjdXCCfw==",
      "requires": {
        "ayax-common-types": "2.0.0"
      }
    },
    "ayax-common-types": {
      "version": "2.0.0",
      "resolved": "https://registry.npmjs.org/ayax-common-types/-/ayax-common-types-2.0.0.tgz",
      "integrity": "sha512-n/0m+W/GbEQKAjLXnZgMxC5NHX18yo0Kr8ImJ3Am52ew3cDNYVOOjLZtmk3PumoJvP9v7ET0p6gZgKjH1l+7Nw=="
    },
    "moment": {
      "version": "2.22.1",
      "resolved": "https://registry.npmjs.org/moment/-/moment-2.22.1.tgz",
      "integrity": "sha512-shJkRTSebXvsVqk56I+lkb2latjBs8I+pc2TzWc545y2iFnSjm7Wg0QMh+ZWcdSLQyGEau5jI8ocnmkyTgr9YQ=="
    },
    "typescript": {
      "version": "2.8.1",
      "resolved": "https://registry.npmjs.org/typescript/-/typescript-2.8.1.tgz",
      "integrity": "sha512-Ao/f6d/4EPLq0YwzsQz8iXflezpTkQzqAyenTiw4kCUGr1uPiFLC3+fZ+gMZz6eeI/qdRUqvC+HxIJzUAzEFdg==",
      "dev": true
    }
  }
}
